// !$*UTF8*$!
{
	archiveVersion = 1;
	classes = {
	};
	objectVersion = 46;
	objects = {

/* Begin PBXBuildFile section */
		F22710CC1D4B2F39007E515A /* main.m in Sources */ = {isa = PBXBuildFile; fileRef = F22710CB1D4B2F39007E515A /* main.m */; };
		F22710CF1D4B2F39007E515A /* AppDelegate.m in Sources */ = {isa = PBXBuildFile; fileRef = F22710CE1D4B2F39007E515A /* AppDelegate.m */; };
		F22710D21D4B2F39007E515A /* ViewController.m in Sources */ = {isa = PBXBuildFile; fileRef = F22710D11D4B2F39007E515A /* ViewController.m */; };
		F22710D51D4B2F39007E515A /* Main.storyboard in Resources */ = {isa = PBXBuildFile; fileRef = F22710D31D4B2F39007E515A /* Main.storyboard */; };
		F22710D71D4B2F39007E515A /* Assets.xcassets in Resources */ = {isa = PBXBuildFile; fileRef = F22710D61D4B2F39007E515A /* Assets.xcassets */; };
		F22710DA1D4B2F39007E515A /* LaunchScreen.storyboard in Resources */ = {isa = PBXBuildFile; fileRef = F22710D81D4B2F39007E515A /* LaunchScreen.storyboard */; };
		F22710E51D4B2F39007E515A /* JPPDTests.m in Sources */ = {isa = PBXBuildFile; fileRef = F22710E41D4B2F39007E515A /* JPPDTests.m */; };
		F22710F01D4B2F39007E515A /* JPPDUITests.m in Sources */ = {isa = PBXBuildFile; fileRef = F22710EF1D4B2F39007E515A /* JPPDUITests.m */; };
		F260F8621EF39EF900A1131B /* JPPD.m in Sources */ = {isa = PBXBuildFile; fileRef = F260F85F1EF39EF900A1131B /* JPPD.m */; };
		F260F8631EF39EF900A1131B /* JPPDUtils.m in Sources */ = {isa = PBXBuildFile; fileRef = F260F8611EF39EF900A1131B /* JPPDUtils.m */; };
		F260F8661EF39F1500A1131B /* TestObject.m in Sources */ = {isa = PBXBuildFile; fileRef = F260F8651EF39F1500A1131B /* TestObject.m */; };
/* End PBXBuildFile section */

/* Begin PBXContainerItemProxy section */
		F22710E11D4B2F39007E515A /* PBXContainerItemProxy */ = {
			isa = PBXContainerItemProxy;
			containerPortal = F22710BF1D4B2F39007E515A /* Project object */;
			proxyType = 1;
			remoteGlobalIDString = F22710C61D4B2F39007E515A;
			remoteInfo = JPPD;
		};
		F22710EC1D4B2F39007E515A /* PBXContainerItemProxy */ = {
			isa = PBXContainerItemProxy;
			containerPortal = F22710BF1D4B2F39007E515A /* Project object */;
			proxyType = 1;
			remoteGlobalIDString = F22710C61D4B2F39007E515A;
			remoteInfo = JPPD;
		};
/* End PBXContainerItemProxy section */

/* Begin PBXFileReference section */
		F22710C71D4B2F39007E515A /* JPPD.app */ = {isa = PBXFileReference; explicitFileType = wrapper.application; includeInIndex = 0; path = JPPD.app; sourceTree = BUILT_PRODUCTS_DIR; };
		F22710CB1D4B2F39007E515A /* main.m */ = {isa = PBXFileReference; lastKnownFileType = sourcecode.c.objc; path = main.m; sourceTree = "<group>"; };
		F22710CD1D4B2F39007E515A /* AppDelegate.h */ = {isa = PBXFileReference; lastKnownFileType = sourcecode.c.h; path = AppDelegate.h; sourceTree = "<group>"; };
		F22710CE1D4B2F39007E515A /* AppDelegate.m */ = {isa = PBXFileReference; lastKnownFileType = sourcecode.c.objc; path = AppDelegate.m; sourceTree = "<group>"; };
		F22710D01D4B2F39007E515A /* ViewController.h */ = {isa = PBXFileReference; lastKnownFileType = sourcecode.c.h; path = ViewController.h; sourceTree = "<group>"; };
		F22710D11D4B2F39007E515A /* ViewController.m */ = {isa = PBXFileReference; lastKnownFileType = sourcecode.c.objc; path = ViewController.m; sourceTree = "<group>"; };
		F22710D41D4B2F39007E515A /* Base */ = {isa = PBXFileReference; lastKnownFileType = file.storyboard; name = Base; path = Base.lproj/Main.storyboard; sourceTree = "<group>"; };
		F22710D61D4B2F39007E515A /* Assets.xcassets */ = {isa = PBXFileReference; lastKnownFileType = folder.assetcatalog; path = Assets.xcassets; sourceTree = "<group>"; };
		F22710D91D4B2F39007E515A /* Base */ = {isa = PBXFileReference; lastKnownFileType = file.storyboard; name = Base; path = Base.lproj/LaunchScreen.storyboard; sourceTree = "<group>"; };
		F22710DB1D4B2F39007E515A /* Info.plist */ = {isa = PBXFileReference; lastKnownFileType = text.plist.xml; path = Info.plist; sourceTree = "<group>"; };
		F22710E01D4B2F39007E515A /* JPPDTests.xctest */ = {isa = PBXFileReference; explicitFileType = wrapper.cfbundle; includeInIndex = 0; path = JPPDTests.xctest; sourceTree = BUILT_PRODUCTS_DIR; };
		F22710E41D4B2F39007E515A /* JPPDTests.m */ = {isa = PBXFileReference; lastKnownFileType = sourcecode.c.objc; path = JPPDTests.m; sourceTree = "<group>"; };
		F22710E61D4B2F39007E515A /* Info.plist */ = {isa = PBXFileReference; lastKnownFileType = text.plist.xml; path = Info.plist; sourceTree = "<group>"; };
		F22710EB1D4B2F39007E515A /* JPPDUITests.xctest */ = {isa = PBXFileReference; explicitFileType = wrapper.cfbundle; includeInIndex = 0; path = JPPDUITests.xctest; sourceTree = BUILT_PRODUCTS_DIR; };
		F22710EF1D4B2F39007E515A /* JPPDUITests.m */ = {isa = PBXFileReference; lastKnownFileType = sourcecode.c.objc; path = JPPDUITests.m; sourceTree = "<group>"; };
		F22710F11D4B2F39007E515A /* Info.plist */ = {isa = PBXFileReference; lastKnownFileType = text.plist.xml; path = Info.plist; sourceTree = "<group>"; };
		F260F85E1EF39EF900A1131B /* JPPD.h */ = {isa = PBXFileReference; fileEncoding = 4; lastKnownFileType = sourcecode.c.h; path = JPPD.h; sourceTree = "<group>"; };
		F260F85F1EF39EF900A1131B /* JPPD.m */ = {isa = PBXFileReference; fileEncoding = 4; lastKnownFileType = sourcecode.c.objc; path = JPPD.m; sourceTree = "<group>"; };
		F260F8601EF39EF900A1131B /* JPPDUtils.h */ = {isa = PBXFileReference; fileEncoding = 4; lastKnownFileType = sourcecode.c.h; path = JPPDUtils.h; sourceTree = "<group>"; };
		F260F8611EF39EF900A1131B /* JPPDUtils.m */ = {isa = PBXFileReference; fileEncoding = 4; lastKnownFileType = sourcecode.c.objc; path = JPPDUtils.m; sourceTree = "<group>"; };
		F260F8641EF39F1500A1131B /* TestObject.h */ = {isa = PBXFileReference; fileEncoding = 4; lastKnownFileType = sourcecode.c.h; path = TestObject.h; sourceTree = "<group>"; };
		F260F8651EF39F1500A1131B /* TestObject.m */ = {isa = PBXFileReference; fileEncoding = 4; lastKnownFileType = sourcecode.c.objc; path = TestObject.m; sourceTree = "<group>"; };
/* End PBXFileReference section */

/* Begin PBXFrameworksBuildPhase section */
		F22710C41D4B2F39007E515A /* Frameworks */ = {
			isa = PBXFrameworksBuildPhase;
			buildActionMask = 2147483647;
			files = (
			);
			runOnlyForDeploymentPostprocessing = 0;
		};
		F22710DD1D4B2F39007E515A /* Frameworks */ = {
			isa = PBXFrameworksBuildPhase;
			buildActionMask = 2147483647;
			files = (
			);
			runOnlyForDeploymentPostprocessing = 0;
		};
		F22710E81D4B2F39007E515A /* Frameworks */ = {
			isa = PBXFrameworksBuildPhase;
			buildActionMask = 2147483647;
			files = (
			);
			runOnlyForDeploymentPostprocessing = 0;
		};
/* End PBXFrameworksBuildPhase section */

/* Begin PBXGroup section */
		F22710BE1D4B2F39007E515A = {
			isa = PBXGroup;
			children = (
				F22710C91D4B2F39007E515A /* JPPD */,
				F22710E31D4B2F39007E515A /* JPPDTests */,
				F22710EE1D4B2F39007E515A /* JPPDUITests */,
				F22710C81D4B2F39007E515A /* Products */,
			);
			sourceTree = "<group>";
		};
		F22710C81D4B2F39007E515A /* Products */ = {
			isa = PBXGroup;
			children = (
				F22710C71D4B2F39007E515A /* JPPD.app */,
				F22710E01D4B2F39007E515A /* JPPDTests.xctest */,
				F22710EB1D4B2F39007E515A /* JPPDUITests.xctest */,
			);
			name = Products;
			sourceTree = "<group>";
		};
		F22710C91D4B2F39007E515A /* JPPD */ = {
			isa = PBXGroup;
			children = (
				F260F85D1EF39EF900A1131B /* JPPD */,
				F22710CD1D4B2F39007E515A /* AppDelegate.h */,
				F22710CE1D4B2F39007E515A /* AppDelegate.m */,
				F260F8641EF39F1500A1131B /* TestObject.h */,
				F260F8651EF39F1500A1131B /* TestObject.m */,
				F22710D01D4B2F39007E515A /* ViewController.h */,
				F22710D11D4B2F39007E515A /* ViewController.m */,
				F22710D31D4B2F39007E515A /* Main.storyboard */,
				F22710D61D4B2F39007E515A /* Assets.xcassets */,
				F22710D81D4B2F39007E515A /* LaunchScreen.storyboard */,
				F22710DB1D4B2F39007E515A /* Info.plist */,
				F22710CA1D4B2F39007E515A /* Supporting Files */,
			);
			path = JPPD;
			sourceTree = "<group>";
		};
		F22710CA1D4B2F39007E515A /* Supporting Files */ = {
			isa = PBXGroup;
			children = (
				F22710CB1D4B2F39007E515A /* main.m */,
			);
			name = "Supporting Files";
			sourceTree = "<group>";
		};
		F22710E31D4B2F39007E515A /* JPPDTests */ = {
			isa = PBXGroup;
			children = (
				F22710E41D4B2F39007E515A /* JPPDTests.m */,
				F22710E61D4B2F39007E515A /* Info.plist */,
			);
			path = JPPDTests;
			sourceTree = "<group>";
		};
		F22710EE1D4B2F39007E515A /* JPPDUITests */ = {
			isa = PBXGroup;
			children = (
				F22710EF1D4B2F39007E515A /* JPPDUITests.m */,
				F22710F11D4B2F39007E515A /* Info.plist */,
			);
			path = JPPDUITests;
			sourceTree = "<group>";
		};
		F260F85D1EF39EF900A1131B /* JPPD */ = {
			isa = PBXGroup;
			children = (
				F260F85E1EF39EF900A1131B /* JPPD.h */,
				F260F85F1EF39EF900A1131B /* JPPD.m */,
				F260F8601EF39EF900A1131B /* JPPDUtils.h */,
				F260F8611EF39EF900A1131B /* JPPDUtils.m */,
			);
			path = JPPD;
			sourceTree = "<group>";
		};
/* End PBXGroup section */

/* Begin PBXNativeTarget section */
		F22710C61D4B2F39007E515A /* JPPD */ = {
			isa = PBXNativeTarget;
			buildConfigurationList = F22710F41D4B2F39007E515A /* Build configuration list for PBXNativeTarget "JPPD" */;
			buildPhases = (
				F22710C31D4B2F39007E515A /* Sources */,
				F22710C41D4B2F39007E515A /* Frameworks */,
				F22710C51D4B2F39007E515A /* Resources */,
			);
			buildRules = (
			);
			dependencies = (
			);
			name = JPPD;
			productName = JPPD;
			productReference = F22710C71D4B2F39007E515A /* JPPD.app */;
			productType = "com.apple.product-type.application";
		};
		F22710DF1D4B2F39007E515A /* JPPDTests */ = {
			isa = PBXNativeTarget;
			buildConfigurationList = F22710F71D4B2F39007E515A /* Build configuration list for PBXNativeTarget "JPPDTests" */;
			buildPhases = (
				F22710DC1D4B2F39007E515A /* Sources */,
				F22710DD1D4B2F39007E515A /* Frameworks */,
				F22710DE1D4B2F39007E515A /* Resources */,
			);
			buildRules = (
			);
			dependencies = (
				F22710E21D4B2F39007E515A /* PBXTargetDependency */,
			);
			name = JPPDTests;
			productName = JPPDTests;
			productReference = F22710E01D4B2F39007E515A /* JPPDTests.xctest */;
			productType = "com.apple.product-type.bundle.unit-test";
		};
		F22710EA1D4B2F39007E515A /* JPPDUITests */ = {
			isa = PBXNativeTarget;
			buildConfigurationList = F22710FA1D4B2F39007E515A /* Build configuration list for PBXNativeTarget "JPPDUITests" */;
			buildPhases = (
				F22710E71D4B2F39007E515A /* Sources */,
				F22710E81D4B2F39007E515A /* Frameworks */,
				F22710E91D4B2F39007E515A /* Resources */,
			);
			buildRules = (
			);
			dependencies = (
				F22710ED1D4B2F39007E515A /* PBXTargetDependency */,
			);
			name = JPPDUITests;
			productName = JPPDUITests;
			productReference = F22710EB1D4B2F39007E515A /* JPPDUITests.xctest */;
			productType = "com.apple.product-type.bundle.ui-testing";
		};
/* End PBXNativeTarget section */

/* Begin PBXProject section */
		F22710BF1D4B2F39007E515A /* Project object */ = {
			isa = PBXProject;
			attributes = {
				LastUpgradeCheck = 0830;
				ORGANIZATIONNAME = JaryPan;
				TargetAttributes = {
					F22710C61D4B2F39007E515A = {
						CreatedOnToolsVersion = 7.3.1;
						DevelopmentTeam = FPEBESL49K;
					};
					F22710DF1D4B2F39007E515A = {
						CreatedOnToolsVersion = 7.3.1;
						TestTargetID = F22710C61D4B2F39007E515A;
					};
					F22710EA1D4B2F39007E515A = {
						CreatedOnToolsVersion = 7.3.1;
						TestTargetID = F22710C61D4B2F39007E515A;
					};
				};
			};
			buildConfigurationList = F22710C21D4B2F39007E515A /* Build configuration list for PBXProject "JPPD" */;
			compatibilityVersion = "Xcode 3.2";
			developmentRegion = English;
			hasScannedForEncodings = 0;
			knownRegions = (
				en,
				Base,
			);
			mainGroup = F22710BE1D4B2F39007E515A;
			productRefGroup = F22710C81D4B2F39007E515A /* Products */;
			projectDirPath = "";
			projectRoot = "";
			targets = (
				F22710C61D4B2F39007E515A /* JPPD */,
				F22710DF1D4B2F39007E515A /* JPPDTests */,
				F22710EA1D4B2F39007E515A /* JPPDUITests */,
			);
		};
/* End PBXProject section */

/* Begin PBXResourcesBuildPhase section */
		F22710C51D4B2F39007E515A /* Resources */ = {
			isa = PBXResourcesBuildPhase;
			buildActionMask = 2147483647;
			files = (
				F22710DA1D4B2F39007E515A /* LaunchScreen.storyboard in Resources */,
				F22710D71D4B2F39007E515A /* Assets.xcassets in Resources */,
				F22710D51D4B2F39007E515A /* Main.storyboard in Resources */,
			);
			runOnlyForDeploymentPostprocessing = 0;
		};
		F22710DE1D4B2F39007E515A /* Resources */ = {
			isa = PBXResourcesBuildPhase;
			buildActionMask = 2147483647;
			files = (
			);
			runOnlyForDeploymentPostprocessing = 0;
		};
		F22710E91D4B2F39007E515A /* Resources */ = {
			isa = PBXResourcesBuildPhase;
			buildActionMask = 2147483647;
			files = (
			);
			runOnlyForDeploymentPostprocessing = 0;
		};
/* End PBXResourcesBuildPhase section */

/* Begin PBXSourcesBuildPhase section */
		F22710C31D4B2F39007E515A /* Sources */ = {
			isa = PBXSourcesBuildPhase;
			buildActionMask = 2147483647;
			files = (
				F260F8631EF39EF900A1131B /* JPPDUtils.m in Sources */,
				F22710D21D4B2F39007E515A /* ViewController.m in Sources */,
				F22710CF1D4B2F39007E515A /* AppDelegate.m in Sources */,
				F22710CC1D4B2F39007E515A /* main.m in Sources */,
				F260F8661EF39F1500A1131B /* TestObject.m in Sources */,
				F260F8621EF39EF900A1131B /* JPPD.m in Sources */,
			);
			runOnlyForDeploymentPostprocessing = 0;
		};
		F22710DC1D4B2F39007E515A /* Sources */ = {
			isa = PBXSourcesBuildPhase;
			buildActionMask = 2147483647;
			files = (
				F22710E51D4B2F39007E515A /* JPPDTests.m in Sources */,
			);
			runOnlyForDeploymentPostprocessing = 0;
		};
		F22710E71D4B2F39007E515A /* Sources */ = {
			isa = PBXSourcesBuildPhase;
			buildActionMask = 2147483647;
			files = (
				F22710F01D4B2F39007E515A /* JPPDUITests.m in Sources */,
			);
			runOnlyForDeploymentPostprocessing = 0;
		};
/* End PBXSourcesBuildPhase section */

/* Begin PBXTargetDependency section */
		F22710E21D4B2F39007E515A /* PBXTargetDependency */ = {
			isa = PBXTargetDependency;
			target = F22710C61D4B2F39007E515A /* JPPD */;
			targetProxy = F22710E11D4B2F39007E515A /* PBXContainerItemProxy */;
		};
		F22710ED1D4B2F39007E515A /* PBXTargetDependency */ = {
			isa = PBXTargetDependency;
			target = F22710C61D4B2F39007E515A /* JPPD */;
			targetProxy = F22710EC1D4B2F39007E515A /* PBXContainerItemProxy */;
		};
/* End PBXTargetDependency section */

/* Begin PBXVariantGroup section */
		F22710D31D4B2F39007E515A /* Main.storyboard */ = {
			isa = PBXVariantGroup;
			children = (
				F22710D41D4B2F39007E515A /* Base */,
			);
			name = Main.storyboard;
			sourceTree = "<group>";
		};
		F22710D81D4B2F39007E515A /* LaunchScreen.storyboard */ = {
			isa = PBXVariantGroup;
			children = (
				F22710D91D4B2F39007E515A /* Base */,
			);
			name = LaunchScreen.storyboard;
			sourceTree = "<group>";
		};
/* End PBXVariantGroup section */

/* Begin XCBuildConfiguration section */
		F22710F21D4B2F39007E515A /* Debug */ = {
			isa = XCBuildConfiguration;
			buildSettings = {
				ALWAYS_SEARCH_USER_PATHS = NO;
				CLANG_ANALYZER_NONNULL = YES;
				CLANG_CXX_LANGUAGE_STANDARD = "gnu++0x";
				CLANG_CXX_LIBRARY = "libc++";
				CLANG_ENABLE_MODULES = YES;
				CLANG_ENABLE_OBJC_ARC = YES;
				CLANG_WARN_BOOL_CONVERSION = YES;
				CLANG_WARN_CONSTANT_CONVERSION = YES;
				CLANG_WARN_DIRECT_OBJC_ISA_USAGE = YES_ERROR;
				CLANG_WARN_EMPTY_BODY = YES;
				CLANG_WARN_ENUM_CONVERSION = YES;
				CLANG_WARN_INFINITE_RECURSION = YES;
				CLANG_WARN_INT_CONVERSION = YES;
				CLANG_WARN_OBJC_ROOT_CLASS = YES_ERROR;
				CLANG_WARN_SUSPICIOUS_MOVE = YES;
				CLANG_WARN_UNREACHABLE_CODE = YES;
				CLANG_WARN__DUPLICATE_METHOD_MATCH = YES;
				"CODE_SIGN_IDENTITY[sdk=iphoneos*]" = "iPhone Developer";
				COPY_PHASE_STRIP = NO;
				DEBUG_INFORMATION_FORMAT = dwarf;
				ENABLE_STRICT_OBJC_MSGSEND = YES;
				ENABLE_TESTABILITY = YES;
				GCC_C_LANGUAGE_STANDARD = gnu99;
				GCC_DYNAMIC_NO_PIC = NO;
				GCC_NO_COMMON_BLOCKS = YES;
				GCC_OPTIMIZATION_LEVEL = 0;
				GCC_PREPROCESSOR_DEFINITIONS = (
					"DEBUG=1",
					"$(inherited)",
				);
				GCC_WARN_64_TO_32_BIT_CONVERSION = YES;
				GCC_WARN_ABOUT_RETURN_TYPE = YES_ERROR;
				GCC_WARN_UNDECLARED_SELECTOR = YES;
				GCC_WARN_UNINITIALIZED_AUTOS = YES_AGGRESSIVE;
				GCC_WARN_UNUSED_FUNCTION = YES;
				GCC_WARN_UNUSED_VARIABLE = YES;
				IPHONEOS_DEPLOYMENT_TARGET = 9.3;
				MTL_ENABLE_DEBUG_INFO = YES;
				ONLY_ACTIVE_ARCH = YES;
				SDKROOT = iphoneos;
			};
			name = Debug;
		};
		F22710F31D4B2F39007E515A /* Release */ = {
			isa = XCBuildConfiguration;
			buildSettings = {
				ALWAYS_SEARCH_USER_PATHS = NO;
				CLANG_ANALYZER_NONNULL = YES;
				CLANG_CXX_LANGUAGE_STANDARD = "gnu++0x";
				CLANG_CXX_LIBRARY = "libc++";
				CLANG_ENABLE_MODULES = YES;
				CLANG_ENABLE_OBJC_ARC = YES;
				CLANG_WARN_BOOL_CONVERSION = YES;
				CLANG_WARN_CONSTANT_CONVERSION = YES;
				CLANG_WARN_DIRECT_OBJC_ISA_USAGE = YES_ERROR;
				CLANG_WARN_EMPTY_BODY = YES;
				CLANG_WARN_ENUM_CONVERSION = YES;
				CLANG_WARN_INFINITE_RECURSION = YES;
				CLANG_WARN_INT_CONVERSION = YES;
				CLANG_WARN_OBJC_ROOT_CLASS = YES_ERROR;
				CLANG_WARN_SUSPICIOUS_MOVE = YES;
				CLANG_WARN_UNREACHABLE_CODE = YES;
				CLANG_WARN__DUPLICATE_METHOD_MATCH = YES;
				"CODE_SIGN_IDENTITY[sdk=iphoneos*]" = "iPhone Developer";
				COPY_PHASE_STRIP = NO;
				DEBUG_INFORMATION_FORMAT = "dwarf-with-dsym";
				ENABLE_NS_ASSERTIONS = NO;
				ENABLE_STRICT_OBJC_MSGSEND = YES;
				GCC_C_LANGUAGE_STANDARD = gnu99;
				GCC_NO_COMMON_BLOCKS = YES;
				GCC_WARN_64_TO_32_BIT_CONVERSION = YES;
				GCC_WARN_ABOUT_RETURN_TYPE = YES_ERROR;
				GCC_WARN_UNDECLARED_SELECTOR = YES;
				GCC_WARN_UNINITIALIZED_AUTOS = YES_AGGRESSIVE;
				GCC_WARN_UNUSED_FUNCTION = YES;
				GCC_WARN_UNUSED_VARIABLE = YES;
				IPHONEOS_DEPLOYMENT_TARGET = 9.3;
				MTL_ENABLE_DEBUG_INFO = NO;
				SDKROOT = iphoneos;
				VALIDATE_PRODUCT = YES;
			};
			name = Release;
		};
		F22710F51D4B2F39007E515A /* Debug */ = {
			isa = XCBuildConfiguration;
			buildSettings = {
				ASSETCATALOG_COMPILER_APPICON_NAME = AppIcon;
				DEVELOPMENT_TEAM = FPEBESL49K;
				INFOPLIST_FILE = JPPD/Info.plist;
				IPHONEOS_DEPLOYMENT_TARGET = 8.0;
				LD_RUNPATH_SEARCH_PATHS = "$(inherited) @executable_path/Frameworks";
				PRODUCT_BUNDLE_IDENTIFIER = JaryPan.JPPD;
				PRODUCT_NAME = "$(TARGET_NAME)";
				TARGETED_DEVICE_FAMILY = "1,2";
			};
			name = Debug;
		};
		F22710F61D4B2F39007E515A /* Release */ = {
			isa = XCBuildConfiguration;
			buildSettings = {
				ASSETCATALOG_COMPILER_APPICON_NAME = AppIcon;
				DEVELOPMENT_TEAM = FPEBESL49K;
				INFOPLIST_FILE = JPPD/Info.plist;
				IPHONEOS_DEPLOYMENT_TARGET = 8.0;
				LD_RUNPATH_SEARCH_PATHS = "$(inherited) @executable_path/Frameworks";
				PRODUCT_BUNDLE_IDENTIFIER = JaryPan.JPPD;
				PRODUCT_NAME = "$(TARGET_NAME)";
				TARGETED_DEVICE_FAMILY = "1,2";
			};
			name = Release;
		};
		F22710F81D4B2F39007E515A /* Debug */ = {
			isa = XCBuildConfiguration;
			buildSettings = {
				BUNDLE_LOADER = "$(TEST_HOST)";
				INFOPLIST_FILE = JPPDTests/Info.plist;
				LD_RUNPATH_SEARCH_PATHS = "$(inherited) @executable_path/Frameworks @loader_path/Frameworks";
				PRODUCT_BUNDLE_IDENTIFIER = JaryPan.JPPDTests;
				PRODUCT_NAME = "$(TARGET_NAME)";
				TEST_HOST = "$(BUILT_PRODUCTS_DIR)/JPPD.app/JPPD";
			};
			name = Debug;
		};
		F22710F91D4B2F39007E515A /* Release */ = {
			isa = XCBuildConfiguration;
			buildSettings = {
				BUNDLE_LOADER = "$(TEST_HOST)";
				INFOPLIST_FILE = JPPDTests/Info.plist;
				LD_RUNPATH_SEARCH_PATHS = "$(inherited) @executable_path/Frameworks @loader_path/Frameworks";
				PRODUCT_BUNDLE_IDENTIFIER = JaryPan.JPPDTests;
				PRODUCT_NAME = "$(TARGET_NAME)";
				TEST_HOST = "$(BUILT_PRODUCTS_DIR)/JPPD.app/JPPD";
			};
			name = Release;
		};
		F22710FB1D4B2F39007E515A /* Debug */ = {
			isa = XCBuildConfiguration;
			buildSettings = {
				INFOPLIST_FILE = JPPDUITests/Info.plist;
				LD_RUNPATH_SEARCH_PATHS = "$(inherited) @executable_path/Frameworks @loader_path/Frameworks";
				PRODUCT_BUNDLE_IDENTIFIER = JaryPan.JPPDUITests;
				PRODUCT_NAME = "$(TARGET_NAME)";
				TEST_TARGET_NAME = JPPD;
			};
			name = Debug;
		};
		F22710FC1D4B2F39007E515A /* Release */ = {
			isa = XCBuildConfiguration;
			buildSettings = {
				INFOPLIST_FILE = JPPDUITests/Info.plist;
				LD_RUNPATH_SEARCH_PATHS = "$(inherited) @executable_path/Frameworks @loader_path/Frameworks";
				PRODUCT_BUNDLE_IDENTIFIER = JaryPan.JPPDUITests;
				PRODUCT_NAME = "$(TARGET_NAME)";
				TEST_TARGET_NAME = JPPD;
			};
			name = Release;
		};
/* End XCBuildConfiguration section */

/* Begin XCConfigurationList section */
		F22710C21D4B2F39007E515A /* Build configuration list for PBXProject "JPPD" */ = {
			isa = XCConfigurationList;
			buildConfigurations = (
				F22710F21D4B2F39007E515A /* Debug */,
				F22710F31D4B2F39007E515A /* Release */,
			);
			defaultConfigurationIsVisible = 0;
			defaultConfigurationName = Release;
		};
		F22710F41D4B2F39007E515A /* Build configuration list for PBXNativeTarget "JPPD" */ = {
			isa = XCConfigurationList;
			buildConfigurations = (
				F22710F51D4B2F39007E515A /* Debug */,
				F22710F61D4B2F39007E515A /* Release */,
			);
			defaultConfigurationIsVisible = 0;
			defaultConfigurationName = Release;
		};
		F22710F71D4B2F39007E515A /* Build configuration list for PBXNativeTarget "JPPDTests" */ = {
			isa = XCConfigurationList;
			buildConfigurations = (
				F22710F81D4B2F39007E515A /* Debug */,
				F22710F91D4B2F39007E515A /* Release */,
			);
			defaultConfigurationIsVisible = 0;
			defaultConfigurationName = Release;
		};
		F22710FA1D4B2F39007E515A /* Build configuration list for PBXNativeTarget "JPPDUITests" */ = {
			isa = XCConfigurationList;
			buildConfigurations = (
				F22710FB1D4B2F39007E515A /* Debug */,
				F22710FC1D4B2F39007E515A /* Release */,
			);
			defaultConfigurationIsVisible = 0;
			defaultConfigurationName = Release;
		};
/* End XCConfigurationList section */
	};
	rootObject = F22710BF1D4B2F39007E515A /* Project object */;
}
